
Microsoft Visual Studio Solution File, Format Version 12.00
# Visual Studio Version 16
VisualStudioVersion = 16.0.31911.196
MinimumVisualStudioVersion = 10.0.40219.1
Project("{FAE04EC0-301F-11D3-BF4B-00C04F79EFBC}") = "ExercicioInterface2", "ExercicioInterface2\ExercicioInterface2.csproj", "{38F3C8CE-2DEB-4F87-8BF0-D196A2429BBE}"
EndProject
Global
	GlobalSection(SolutionConfigurationPlatforms) = preSolution
		Debug|Any CPU = Debug|Any CPU
		Release|Any CPU = Release|Any CPU
	EndGlobalSection
	GlobalSection(ProjectConfigurationPlatforms) = postSolution
		{38F3C8CE-2DEB-4F87-8BF0-D196A2429BBE}.Debug|Any CPU.ActiveCfg = Debug|Any CPU
		{38F3C8CE-2DEB-4F87-8BF0-D196A2429BBE}.Debug|Any CPU.Build.0 = Debug|Any CPU
		{38F3C8CE-2DEB-4F87-8BF0-D196A2429BBE}.Release|Any CPU.ActiveCfg = Release|Any CPU
		{38F3C8CE-2DEB-4F87-8BF0-D196A2429BBE}.Release|Any CPU.Build.0 = Release|Any CPU
	EndGlobalSection
	GlobalSection(SolutionProperties) = preSolution
		HideSolutionNode = FALSE
	EndGlobalSection
	GlobalSection(ExtensibilityGlobals) = postSolution
		SolutionGuid = {26970774-CAC2-4EA9-BC72-18DC415DED1A}
	EndGlobalSection
EndGlobal
