
Microsoft Visual Studio Solution File, Format Version 12.00
# Visual Studio Version 16
VisualStudioVersion = 16.0.31911.196
MinimumVisualStudioVersion = 10.0.40219.1
Project("{FAE04EC0-301F-11D3-BF4B-00C04F79EFBC}") = "AprendendoHeranca", "AprendendoHeranca\AprendendoHeranca.csproj", "{DC19BD09-020F-430B-94E5-743CBDB4E4CA}"
EndProject
Global
	GlobalSection(SolutionConfigurationPlatforms) = preSolution
		Debug|Any CPU = Debug|Any CPU
		Release|Any CPU = Release|Any CPU
	EndGlobalSection
	GlobalSection(ProjectConfigurationPlatforms) = postSolution
		{DC19BD09-020F-430B-94E5-743CBDB4E4CA}.Debug|Any CPU.ActiveCfg = Debug|Any CPU
		{DC19BD09-020F-430B-94E5-743CBDB4E4CA}.Debug|Any CPU.Build.0 = Debug|Any CPU
		{DC19BD09-020F-430B-94E5-743CBDB4E4CA}.Release|Any CPU.ActiveCfg = Release|Any CPU
		{DC19BD09-020F-430B-94E5-743CBDB4E4CA}.Release|Any CPU.Build.0 = Release|Any CPU
	EndGlobalSection
	GlobalSection(SolutionProperties) = preSolution
		HideSolutionNode = FALSE
	EndGlobalSection
	GlobalSection(ExtensibilityGlobals) = postSolution
		SolutionGuid = {AE4D0121-AD98-43C3-993F-E242F032C9C2}
	EndGlobalSection
EndGlobal
