
Microsoft Visual Studio Solution File, Format Version 12.00
# Visual Studio Version 16
VisualStudioVersion = 16.0.31911.196
MinimumVisualStudioVersion = 10.0.40219.1
Project("{FAE04EC0-301F-11D3-BF4B-00C04F79EFBC}") = "Exercicio_EstruturaCondicional", "Exercicio_EstruturaCondicional\Exercicio_EstruturaCondicional.csproj", "{B8352355-5CE5-4E1C-8C3A-F9296FCCDA03}"
EndProject
Global
	GlobalSection(SolutionConfigurationPlatforms) = preSolution
		Debug|Any CPU = Debug|Any CPU
		Release|Any CPU = Release|Any CPU
	EndGlobalSection
	GlobalSection(ProjectConfigurationPlatforms) = postSolution
		{B8352355-5CE5-4E1C-8C3A-F9296FCCDA03}.Debug|Any CPU.ActiveCfg = Debug|Any CPU
		{B8352355-5CE5-4E1C-8C3A-F9296FCCDA03}.Debug|Any CPU.Build.0 = Debug|Any CPU
		{B8352355-5CE5-4E1C-8C3A-F9296FCCDA03}.Release|Any CPU.ActiveCfg = Release|Any CPU
		{B8352355-5CE5-4E1C-8C3A-F9296FCCDA03}.Release|Any CPU.Build.0 = Release|Any CPU
	EndGlobalSection
	GlobalSection(SolutionProperties) = preSolution
		HideSolutionNode = FALSE
	EndGlobalSection
	GlobalSection(ExtensibilityGlobals) = postSolution
		SolutionGuid = {0E8A389D-10DE-410A-B909-80B75FA24344}
	EndGlobalSection
EndGlobal
