
Microsoft Visual Studio Solution File, Format Version 12.00
# Visual Studio Version 16
VisualStudioVersion = 16.0.31911.196
MinimumVisualStudioVersion = 10.0.40219.1
Project("{FAE04EC0-301F-11D3-BF4B-00C04F79EFBC}") = "ExercicioDeFixacaoBebado", "ExercicioDeFixacaoBebado\ExercicioDeFixacaoBebado.csproj", "{B09AD04F-0689-4E2D-B264-E3311FDDC65F}"
EndProject
Global
	GlobalSection(SolutionConfigurationPlatforms) = preSolution
		Debug|Any CPU = Debug|Any CPU
		Release|Any CPU = Release|Any CPU
	EndGlobalSection
	GlobalSection(ProjectConfigurationPlatforms) = postSolution
		{B09AD04F-0689-4E2D-B264-E3311FDDC65F}.Debug|Any CPU.ActiveCfg = Debug|Any CPU
		{B09AD04F-0689-4E2D-B264-E3311FDDC65F}.Debug|Any CPU.Build.0 = Debug|Any CPU
		{B09AD04F-0689-4E2D-B264-E3311FDDC65F}.Release|Any CPU.ActiveCfg = Release|Any CPU
		{B09AD04F-0689-4E2D-B264-E3311FDDC65F}.Release|Any CPU.Build.0 = Release|Any CPU
	EndGlobalSection
	GlobalSection(SolutionProperties) = preSolution
		HideSolutionNode = FALSE
	EndGlobalSection
	GlobalSection(ExtensibilityGlobals) = postSolution
		SolutionGuid = {BEFACEB4-079B-424B-9303-1903BE5CD1D6}
	EndGlobalSection
EndGlobal
