
Microsoft Visual Studio Solution File, Format Version 12.00
# Visual Studio Version 16
VisualStudioVersion = 16.0.31911.196
MinimumVisualStudioVersion = 10.0.40219.1
Project("{FAE04EC0-301F-11D3-BF4B-00C04F79EFBC}") = "ApredendoArquivos", "ApredendoArquivos\ApredendoArquivos.csproj", "{98EA9F13-295F-4530-981C-55EA65408231}"
EndProject
Global
	GlobalSection(SolutionConfigurationPlatforms) = preSolution
		Debug|Any CPU = Debug|Any CPU
		Release|Any CPU = Release|Any CPU
	EndGlobalSection
	GlobalSection(ProjectConfigurationPlatforms) = postSolution
		{98EA9F13-295F-4530-981C-55EA65408231}.Debug|Any CPU.ActiveCfg = Debug|Any CPU
		{98EA9F13-295F-4530-981C-55EA65408231}.Debug|Any CPU.Build.0 = Debug|Any CPU
		{98EA9F13-295F-4530-981C-55EA65408231}.Release|Any CPU.ActiveCfg = Release|Any CPU
		{98EA9F13-295F-4530-981C-55EA65408231}.Release|Any CPU.Build.0 = Release|Any CPU
	EndGlobalSection
	GlobalSection(SolutionProperties) = preSolution
		HideSolutionNode = FALSE
	EndGlobalSection
	GlobalSection(ExtensibilityGlobals) = postSolution
		SolutionGuid = {5B5E5578-1642-4BB2-9ADB-068EC6EF87FB}
	EndGlobalSection
EndGlobal
