
Microsoft Visual Studio Solution File, Format Version 12.00
# Visual Studio Version 16
VisualStudioVersion = 16.0.31911.196
MinimumVisualStudioVersion = 10.0.40219.1
Project("{FAE04EC0-301F-11D3-BF4B-00C04F79EFBC}") = "IniciandoAsClasses_3", "IniciandoAsClasses_3\IniciandoAsClasses_3.csproj", "{74DF3B9F-66ED-48D4-BBCD-A4142D1AAE6D}"
EndProject
Global
	GlobalSection(SolutionConfigurationPlatforms) = preSolution
		Debug|Any CPU = Debug|Any CPU
		Release|Any CPU = Release|Any CPU
	EndGlobalSection
	GlobalSection(ProjectConfigurationPlatforms) = postSolution
		{74DF3B9F-66ED-48D4-BBCD-A4142D1AAE6D}.Debug|Any CPU.ActiveCfg = Debug|Any CPU
		{74DF3B9F-66ED-48D4-BBCD-A4142D1AAE6D}.Debug|Any CPU.Build.0 = Debug|Any CPU
		{74DF3B9F-66ED-48D4-BBCD-A4142D1AAE6D}.Release|Any CPU.ActiveCfg = Release|Any CPU
		{74DF3B9F-66ED-48D4-BBCD-A4142D1AAE6D}.Release|Any CPU.Build.0 = Release|Any CPU
	EndGlobalSection
	GlobalSection(SolutionProperties) = preSolution
		HideSolutionNode = FALSE
	EndGlobalSection
	GlobalSection(ExtensibilityGlobals) = postSolution
		SolutionGuid = {D47BB781-7887-4B47-B880-00C4B9F5B1B0}
	EndGlobalSection
EndGlobal
