
Microsoft Visual Studio Solution File, Format Version 12.00
# Visual Studio Version 16
VisualStudioVersion = 16.0.31911.196
MinimumVisualStudioVersion = 10.0.40219.1
Project("{FAE04EC0-301F-11D3-BF4B-00C04F79EFBC}") = "StreamWriter", "StreamWriter\StreamWriter.csproj", "{84D6E21F-B0A1-4BAC-A720-20E5F6AF98B6}"
EndProject
Global
	GlobalSection(SolutionConfigurationPlatforms) = preSolution
		Debug|Any CPU = Debug|Any CPU
		Release|Any CPU = Release|Any CPU
	EndGlobalSection
	GlobalSection(ProjectConfigurationPlatforms) = postSolution
		{84D6E21F-B0A1-4BAC-A720-20E5F6AF98B6}.Debug|Any CPU.ActiveCfg = Debug|Any CPU
		{84D6E21F-B0A1-4BAC-A720-20E5F6AF98B6}.Debug|Any CPU.Build.0 = Debug|Any CPU
		{84D6E21F-B0A1-4BAC-A720-20E5F6AF98B6}.Release|Any CPU.ActiveCfg = Release|Any CPU
		{84D6E21F-B0A1-4BAC-A720-20E5F6AF98B6}.Release|Any CPU.Build.0 = Release|Any CPU
	EndGlobalSection
	GlobalSection(SolutionProperties) = preSolution
		HideSolutionNode = FALSE
	EndGlobalSection
	GlobalSection(ExtensibilityGlobals) = postSolution
		SolutionGuid = {C96012CC-E6A4-4B68-90A6-00F4446E62F9}
	EndGlobalSection
EndGlobal
