
Microsoft Visual Studio Solution File, Format Version 12.00
# Visual Studio Version 16
VisualStudioVersion = 16.0.31911.196
MinimumVisualStudioVersion = 10.0.40219.1
Project("{FAE04EC0-301F-11D3-BF4B-00C04F79EFBC}") = "Restudando", "Restudando\Restudando.csproj", "{ADE42EE3-429F-4E81-B5F0-CC7695FB0879}"
EndProject
Global
	GlobalSection(SolutionConfigurationPlatforms) = preSolution
		Debug|Any CPU = Debug|Any CPU
		Release|Any CPU = Release|Any CPU
	EndGlobalSection
	GlobalSection(ProjectConfigurationPlatforms) = postSolution
		{ADE42EE3-429F-4E81-B5F0-CC7695FB0879}.Debug|Any CPU.ActiveCfg = Debug|Any CPU
		{ADE42EE3-429F-4E81-B5F0-CC7695FB0879}.Debug|Any CPU.Build.0 = Debug|Any CPU
		{ADE42EE3-429F-4E81-B5F0-CC7695FB0879}.Release|Any CPU.ActiveCfg = Release|Any CPU
		{ADE42EE3-429F-4E81-B5F0-CC7695FB0879}.Release|Any CPU.Build.0 = Release|Any CPU
	EndGlobalSection
	GlobalSection(SolutionProperties) = preSolution
		HideSolutionNode = FALSE
	EndGlobalSection
	GlobalSection(ExtensibilityGlobals) = postSolution
		SolutionGuid = {956F505E-B43D-4103-8606-7608528D4A10}
	EndGlobalSection
EndGlobal
