
Microsoft Visual Studio Solution File, Format Version 12.00
# Visual Studio Version 16
VisualStudioVersion = 16.0.31911.196
MinimumVisualStudioVersion = 10.0.40219.1
Project("{FAE04EC0-301F-11D3-BF4B-00C04F79EFBC}") = "ExercicioEnum", "ExercicioEnum\ExercicioEnum.csproj", "{C674AAC6-271E-4400-B2EB-975E4DEFFCFA}"
EndProject
Global
	GlobalSection(SolutionConfigurationPlatforms) = preSolution
		Debug|Any CPU = Debug|Any CPU
		Release|Any CPU = Release|Any CPU
	EndGlobalSection
	GlobalSection(ProjectConfigurationPlatforms) = postSolution
		{C674AAC6-271E-4400-B2EB-975E4DEFFCFA}.Debug|Any CPU.ActiveCfg = Debug|Any CPU
		{C674AAC6-271E-4400-B2EB-975E4DEFFCFA}.Debug|Any CPU.Build.0 = Debug|Any CPU
		{C674AAC6-271E-4400-B2EB-975E4DEFFCFA}.Release|Any CPU.ActiveCfg = Release|Any CPU
		{C674AAC6-271E-4400-B2EB-975E4DEFFCFA}.Release|Any CPU.Build.0 = Release|Any CPU
	EndGlobalSection
	GlobalSection(SolutionProperties) = preSolution
		HideSolutionNode = FALSE
	EndGlobalSection
	GlobalSection(ExtensibilityGlobals) = postSolution
		SolutionGuid = {BF623C8A-21A6-4206-8AF3-F6D70E03657D}
	EndGlobalSection
EndGlobal
