
Microsoft Visual Studio Solution File, Format Version 12.00
# Visual Studio Version 16
VisualStudioVersion = 16.0.31911.196
MinimumVisualStudioVersion = 10.0.40219.1
Project("{FAE04EC0-301F-11D3-BF4B-00C04F79EFBC}") = "ExercicioInterface", "ExercicioInterface\ExercicioInterface.csproj", "{D54D0BD8-78DF-462A-A14A-4BE49BB72792}"
EndProject
Global
	GlobalSection(SolutionConfigurationPlatforms) = preSolution
		Debug|Any CPU = Debug|Any CPU
		Release|Any CPU = Release|Any CPU
	EndGlobalSection
	GlobalSection(ProjectConfigurationPlatforms) = postSolution
		{D54D0BD8-78DF-462A-A14A-4BE49BB72792}.Debug|Any CPU.ActiveCfg = Debug|Any CPU
		{D54D0BD8-78DF-462A-A14A-4BE49BB72792}.Debug|Any CPU.Build.0 = Debug|Any CPU
		{D54D0BD8-78DF-462A-A14A-4BE49BB72792}.Release|Any CPU.ActiveCfg = Release|Any CPU
		{D54D0BD8-78DF-462A-A14A-4BE49BB72792}.Release|Any CPU.Build.0 = Release|Any CPU
	EndGlobalSection
	GlobalSection(SolutionProperties) = preSolution
		HideSolutionNode = FALSE
	EndGlobalSection
	GlobalSection(ExtensibilityGlobals) = postSolution
		SolutionGuid = {3A8A73B7-2E04-45BC-A9AE-A7A934737C29}
	EndGlobalSection
EndGlobal
